
Microsoft Visual Studio Solution File, Format Version 12.00
# Visual Studio Version 16
VisualStudioVersion = 16.0.31205.134
MinimumVisualStudioVersion = 10.0.40219.1
Project("{FAE04EC0-301F-11D3-BF4B-00C04F79EFBC}") = "NewProject", "NewProject\NewProject.csproj", "{1D899789-688A-4859-AB85-7DDA35E45529}"
EndProject
Global
	GlobalSection(SolutionConfigurationPlatforms) = preSolution
		Debug|Any CPU = Debug|Any CPU
		Release|Any CPU = Release|Any CPU
	EndGlobalSection
	GlobalSection(ProjectConfigurationPlatforms) = postSolution
		{1D899789-688A-4859-AB85-7DDA35E45529}.Debug|Any CPU.ActiveCfg = Debug|Any CPU
		{1D899789-688A-4859-AB85-7DDA35E45529}.Debug|Any CPU.Build.0 = Debug|Any CPU
		{1D899789-688A-4859-AB85-7DDA35E45529}.Release|Any CPU.ActiveCfg = Release|Any CPU
		{1D899789-688A-4859-AB85-7DDA35E45529}.Release|Any CPU.Build.0 = Release|Any CPU
	EndGlobalSection
	GlobalSection(SolutionProperties) = preSolution
		HideSolutionNode = FALSE
	EndGlobalSection
	GlobalSection(ExtensibilityGlobals) = postSolution
		SolutionGuid = {73B2C0EA-3AFA-4739-BAEF-716E19AB3597}
	EndGlobalSection
EndGlobal
